
Microsoft Visual Studio Solution File, Format Version 11.00
# Visual Studio 2010
Project("{FAE04EC0-301F-11D3-BF4B-00C04F79EFBC}") = "FingerPrint", "FingerPrint\FingerPrint.csproj", "{9980A8A7-6766-4FDA-8AEC-A2870B0E3600}"
EndProject
Project("{54435603-DBB4-11D2-8724-00A0C9A8B90C}") = "FingerPrintSetup", "FingerPrintSetup\FingerPrintSetup.vdproj", "{99C4F867-0768-4E30-BD2E-E7990840FB8A}"
EndProject
Global
	GlobalSection(SolutionConfigurationPlatforms) = preSolution
		Debug|x86 = Debug|x86
		Release|x86 = Release|x86
	EndGlobalSection
	GlobalSection(ProjectConfigurationPlatforms) = postSolution
		{9980A8A7-6766-4FDA-8AEC-A2870B0E3600}.Debug|x86.ActiveCfg = Debug|x86
		{9980A8A7-6766-4FDA-8AEC-A2870B0E3600}.Debug|x86.Build.0 = Debug|x86
		{9980A8A7-6766-4FDA-8AEC-A2870B0E3600}.Release|x86.ActiveCfg = Release|x86
		{9980A8A7-6766-4FDA-8AEC-A2870B0E3600}.Release|x86.Build.0 = Release|x86
		{99C4F867-0768-4E30-BD2E-E7990840FB8A}.Debug|x86.ActiveCfg = Debug
		{99C4F867-0768-4E30-BD2E-E7990840FB8A}.Release|x86.ActiveCfg = Release
	EndGlobalSection
	GlobalSection(SolutionProperties) = preSolution
		HideSolutionNode = FALSE
	EndGlobalSection
EndGlobal
